
Microsoft Visual Studio Solution File, Format Version 12.00
# Visual Studio Version 17
VisualStudioVersion = 17.10.34916.146
MinimumVisualStudioVersion = 10.0.40219.1
Project("{FAE04EC0-301F-11D3-BF4B-00C04F79EFBC}") = "HM_17_05", "HM_17_05\HM_17_05.csproj", "{CCAC1CEE-78E0-47F4-A3A3-82CA85E6B003}"
EndProject
Global
	GlobalSection(SolutionConfigurationPlatforms) = preSolution
		Debug|Any CPU = Debug|Any CPU
		Release|Any CPU = Release|Any CPU
	EndGlobalSection
	GlobalSection(ProjectConfigurationPlatforms) = postSolution
		{CCAC1CEE-78E0-47F4-A3A3-82CA85E6B003}.Debug|Any CPU.ActiveCfg = Debug|Any CPU
		{CCAC1CEE-78E0-47F4-A3A3-82CA85E6B003}.Debug|Any CPU.Build.0 = Debug|Any CPU
		{CCAC1CEE-78E0-47F4-A3A3-82CA85E6B003}.Release|Any CPU.ActiveCfg = Release|Any CPU
		{CCAC1CEE-78E0-47F4-A3A3-82CA85E6B003}.Release|Any CPU.Build.0 = Release|Any CPU
	EndGlobalSection
	GlobalSection(SolutionProperties) = preSolution
		HideSolutionNode = FALSE
	EndGlobalSection
	GlobalSection(ExtensibilityGlobals) = postSolution
		SolutionGuid = {3460E928-6431-4D0B-87D0-DF21AE685CBD}
	EndGlobalSection
EndGlobal
